
Microsoft Visual Studio Solution File, Format Version 12.00
# Visual Studio Version 16
VisualStudioVersion = 16.0.30114.105
MinimumVisualStudioVersion = 10.0.40219.1
Project("{2150E333-8FDC-42A3-9474-1A3956D46DE8}") = "hello-world", "hello-world", "{95757C86-559F-424D-A3D4-F327F510982D}"
EndProject
Project("{FAE04EC0-301F-11D3-BF4B-00C04F79EFBC}") = "Send", "hello-world\Send\Send.csproj", "{E4F2D419-439A-43BA-96F8-03C216A1AA77}"
EndProject
Project("{FAE04EC0-301F-11D3-BF4B-00C04F79EFBC}") = "Receive", "hello-world\Receive\Receive.csproj", "{8A79E719-8441-4F5D-A864-0CE89E068C36}"
EndProject
Project("{2150E333-8FDC-42A3-9474-1A3956D46DE8}") = "work-queues", "work-queues", "{17150A77-04EF-4F3F-A5C7-3AD91EAEE43D}"
EndProject
Project("{FAE04EC0-301F-11D3-BF4B-00C04F79EFBC}") = "NewTask", "work-queues\NewTask\NewTask.csproj", "{2D54F9AC-4D6D-4B84-B2C2-9D541B6FC878}"
EndProject
Project("{FAE04EC0-301F-11D3-BF4B-00C04F79EFBC}") = "Worker", "work-queues\Worker\Worker.csproj", "{C9A1BFAB-A50B-4E5B-A47F-EE374259D75F}"
EndProject
Global
	GlobalSection(SolutionConfigurationPlatforms) = preSolution
		Debug|Any CPU = Debug|Any CPU
		Debug|x64 = Debug|x64
		Debug|x86 = Debug|x86
		Release|Any CPU = Release|Any CPU
		Release|x64 = Release|x64
		Release|x86 = Release|x86
	EndGlobalSection
	GlobalSection(SolutionProperties) = preSolution
		HideSolutionNode = FALSE
	EndGlobalSection
	GlobalSection(ProjectConfigurationPlatforms) = postSolution
		{E4F2D419-439A-43BA-96F8-03C216A1AA77}.Debug|Any CPU.ActiveCfg = Debug|Any CPU
		{E4F2D419-439A-43BA-96F8-03C216A1AA77}.Debug|Any CPU.Build.0 = Debug|Any CPU
		{E4F2D419-439A-43BA-96F8-03C216A1AA77}.Debug|x64.ActiveCfg = Debug|Any CPU
		{E4F2D419-439A-43BA-96F8-03C216A1AA77}.Debug|x64.Build.0 = Debug|Any CPU
		{E4F2D419-439A-43BA-96F8-03C216A1AA77}.Debug|x86.ActiveCfg = Debug|Any CPU
		{E4F2D419-439A-43BA-96F8-03C216A1AA77}.Debug|x86.Build.0 = Debug|Any CPU
		{E4F2D419-439A-43BA-96F8-03C216A1AA77}.Release|Any CPU.ActiveCfg = Release|Any CPU
		{E4F2D419-439A-43BA-96F8-03C216A1AA77}.Release|Any CPU.Build.0 = Release|Any CPU
		{E4F2D419-439A-43BA-96F8-03C216A1AA77}.Release|x64.ActiveCfg = Release|Any CPU
		{E4F2D419-439A-43BA-96F8-03C216A1AA77}.Release|x64.Build.0 = Release|Any CPU
		{E4F2D419-439A-43BA-96F8-03C216A1AA77}.Release|x86.ActiveCfg = Release|Any CPU
		{E4F2D419-439A-43BA-96F8-03C216A1AA77}.Release|x86.Build.0 = Release|Any CPU
		{8A79E719-8441-4F5D-A864-0CE89E068C36}.Debug|Any CPU.ActiveCfg = Debug|Any CPU
		{8A79E719-8441-4F5D-A864-0CE89E068C36}.Debug|Any CPU.Build.0 = Debug|Any CPU
		{8A79E719-8441-4F5D-A864-0CE89E068C36}.Debug|x64.ActiveCfg = Debug|Any CPU
		{8A79E719-8441-4F5D-A864-0CE89E068C36}.Debug|x64.Build.0 = Debug|Any CPU
		{8A79E719-8441-4F5D-A864-0CE89E068C36}.Debug|x86.ActiveCfg = Debug|Any CPU
		{8A79E719-8441-4F5D-A864-0CE89E068C36}.Debug|x86.Build.0 = Debug|Any CPU
		{8A79E719-8441-4F5D-A864-0CE89E068C36}.Release|Any CPU.ActiveCfg = Release|Any CPU
		{8A79E719-8441-4F5D-A864-0CE89E068C36}.Release|Any CPU.Build.0 = Release|Any CPU
		{8A79E719-8441-4F5D-A864-0CE89E068C36}.Release|x64.ActiveCfg = Release|Any CPU
		{8A79E719-8441-4F5D-A864-0CE89E068C36}.Release|x64.Build.0 = Release|Any CPU
		{8A79E719-8441-4F5D-A864-0CE89E068C36}.Release|x86.ActiveCfg = Release|Any CPU
		{8A79E719-8441-4F5D-A864-0CE89E068C36}.Release|x86.Build.0 = Release|Any CPU
		{2D54F9AC-4D6D-4B84-B2C2-9D541B6FC878}.Debug|Any CPU.ActiveCfg = Debug|Any CPU
		{2D54F9AC-4D6D-4B84-B2C2-9D541B6FC878}.Debug|Any CPU.Build.0 = Debug|Any CPU
		{2D54F9AC-4D6D-4B84-B2C2-9D541B6FC878}.Debug|x64.ActiveCfg = Debug|Any CPU
		{2D54F9AC-4D6D-4B84-B2C2-9D541B6FC878}.Debug|x64.Build.0 = Debug|Any CPU
		{2D54F9AC-4D6D-4B84-B2C2-9D541B6FC878}.Debug|x86.ActiveCfg = Debug|Any CPU
		{2D54F9AC-4D6D-4B84-B2C2-9D541B6FC878}.Debug|x86.Build.0 = Debug|Any CPU
		{2D54F9AC-4D6D-4B84-B2C2-9D541B6FC878}.Release|Any CPU.ActiveCfg = Release|Any CPU
		{2D54F9AC-4D6D-4B84-B2C2-9D541B6FC878}.Release|Any CPU.Build.0 = Release|Any CPU
		{2D54F9AC-4D6D-4B84-B2C2-9D541B6FC878}.Release|x64.ActiveCfg = Release|Any CPU
		{2D54F9AC-4D6D-4B84-B2C2-9D541B6FC878}.Release|x64.Build.0 = Release|Any CPU
		{2D54F9AC-4D6D-4B84-B2C2-9D541B6FC878}.Release|x86.ActiveCfg = Release|Any CPU
		{2D54F9AC-4D6D-4B84-B2C2-9D541B6FC878}.Release|x86.Build.0 = Release|Any CPU
		{C9A1BFAB-A50B-4E5B-A47F-EE374259D75F}.Debug|Any CPU.ActiveCfg = Debug|Any CPU
		{C9A1BFAB-A50B-4E5B-A47F-EE374259D75F}.Debug|Any CPU.Build.0 = Debug|Any CPU
		{C9A1BFAB-A50B-4E5B-A47F-EE374259D75F}.Debug|x64.ActiveCfg = Debug|Any CPU
		{C9A1BFAB-A50B-4E5B-A47F-EE374259D75F}.Debug|x64.Build.0 = Debug|Any CPU
		{C9A1BFAB-A50B-4E5B-A47F-EE374259D75F}.Debug|x86.ActiveCfg = Debug|Any CPU
		{C9A1BFAB-A50B-4E5B-A47F-EE374259D75F}.Debug|x86.Build.0 = Debug|Any CPU
		{C9A1BFAB-A50B-4E5B-A47F-EE374259D75F}.Release|Any CPU.ActiveCfg = Release|Any CPU
		{C9A1BFAB-A50B-4E5B-A47F-EE374259D75F}.Release|Any CPU.Build.0 = Release|Any CPU
		{C9A1BFAB-A50B-4E5B-A47F-EE374259D75F}.Release|x64.ActiveCfg = Release|Any CPU
		{C9A1BFAB-A50B-4E5B-A47F-EE374259D75F}.Release|x64.Build.0 = Release|Any CPU
		{C9A1BFAB-A50B-4E5B-A47F-EE374259D75F}.Release|x86.ActiveCfg = Release|Any CPU
		{C9A1BFAB-A50B-4E5B-A47F-EE374259D75F}.Release|x86.Build.0 = Release|Any CPU
	EndGlobalSection
	GlobalSection(NestedProjects) = preSolution
		{E4F2D419-439A-43BA-96F8-03C216A1AA77} = {95757C86-559F-424D-A3D4-F327F510982D}
		{8A79E719-8441-4F5D-A864-0CE89E068C36} = {95757C86-559F-424D-A3D4-F327F510982D}
		{2D54F9AC-4D6D-4B84-B2C2-9D541B6FC878} = {17150A77-04EF-4F3F-A5C7-3AD91EAEE43D}
		{C9A1BFAB-A50B-4E5B-A47F-EE374259D75F} = {17150A77-04EF-4F3F-A5C7-3AD91EAEE43D}
	EndGlobalSection
EndGlobal
